
Microsoft Visual Studio Solution File, Format Version 12.00
# Visual Studio 2012
Project("{FAE04EC0-301F-11D3-BF4B-00C04F79EFBC}") = "LawnMower", "LawnMower.csproj", "{DE06BD43-9B68-4AF1-ADDF-53368F530A5F}"
EndProject
Project("{FAE04EC0-301F-11D3-BF4B-00C04F79EFBC}") = "LawnMowerLib", "LawnMowerLib\LawnMowerLib.csproj", "{F86E47E4-3CF4-4E14-BBA6-587BD09F7951}"
EndProject
Global
	GlobalSection(SolutionConfigurationPlatforms) = preSolution
		Debug|Any CPU = Debug|Any CPU
		Release|Any CPU = Release|Any CPU
	EndGlobalSection
	GlobalSection(ProjectConfigurationPlatforms) = postSolution
		{DE06BD43-9B68-4AF1-ADDF-53368F530A5F}.Debug|Any CPU.ActiveCfg = Debug|Any CPU
		{DE06BD43-9B68-4AF1-ADDF-53368F530A5F}.Debug|Any CPU.Build.0 = Debug|Any CPU
		{DE06BD43-9B68-4AF1-ADDF-53368F530A5F}.Release|Any CPU.ActiveCfg = Release|Any CPU
		{DE06BD43-9B68-4AF1-ADDF-53368F530A5F}.Release|Any CPU.Build.0 = Release|Any CPU
		{F86E47E4-3CF4-4E14-BBA6-587BD09F7951}.Debug|Any CPU.ActiveCfg = Debug|Any CPU
		{F86E47E4-3CF4-4E14-BBA6-587BD09F7951}.Debug|Any CPU.Build.0 = Debug|Any CPU
		{F86E47E4-3CF4-4E14-BBA6-587BD09F7951}.Release|Any CPU.ActiveCfg = Release|Any CPU
		{F86E47E4-3CF4-4E14-BBA6-587BD09F7951}.Release|Any CPU.Build.0 = Release|Any CPU
	EndGlobalSection
EndGlobal
